
Microsoft Visual Studio Solution File, Format Version 12.00
Project("{FAE04EC0-301F-11D3-BF4B-00C04F79EFBC}") = "ShoppingList", "ShoppingList\ShoppingList.csproj", "{149DEB6B-E491-41EA-818A-BE4E84165729}"
EndProject
Project("{F2A71F9B-5D33-465A-A702-920D77279786}") = "ShoppingData", "ShoppingData\ShoppingData.fsproj", "{57BD13B2-BB80-4333-8164-29A4D0A5251F}"
EndProject
Project("{F2A71F9B-5D33-465A-A702-920D77279786}") = "ShoppingDataTests", "ShoppingDataTests\ShoppingDataTests.fsproj", "{0D1CCC32-0317-4C01-83F7-8F5C831A2CFA}"
EndProject
Project("{F2A71F9B-5D33-465A-A702-920D77279786}") = "Waypoints", "Waypoints\Waypoints.fsproj", "{598E6737-E108-471A-A84E-A3C3C8916B4C}"
EndProject
Project("{F2A71F9B-5D33-465A-A702-920D77279786}") = "WaypointsTests", "WaypointsTests\WaypointsTests.fsproj", "{437BB11D-A6FB-4859-9F3A-26567CF1753A}"
EndProject
Project("{FAE04EC0-301F-11D3-BF4B-00C04F79EFBC}") = "GroceryClassification", "GroceryClassification\GroceryClassification.csproj", "{FE47AA95-C117-4DF1-A758-A2C2B27A14C1}"
EndProject
Project("{F2A71F9B-5D33-465A-A702-920D77279786}") = "ShoppingListSorting", "ShoppingListSorting\ShoppingListSorting.fsproj", "{98E6F55A-EFB1-4174-B6A4-71ADB8C36D3E}"
EndProject
Project("{F2A71F9B-5D33-465A-A702-920D77279786}") = "ShoppingListSortingTests", "ShoppingListSortingTests\ShoppingListSortingTests.fsproj", "{4283FA5B-F8C2-4739-82EB-A853ED7AA8B2}"
EndProject
Project("{FAE04EC0-301F-11D3-BF4B-00C04F79EFBC}") = "SharedTypes", "SharedTypes\SharedTypes.csproj", "{95791B36-91B3-42A7-9CCB-EEC4A15248A7}"
EndProject
Project("{FAE04EC0-301F-11D3-BF4B-00C04F79EFBC}") = "SharedTypesTests", "SharedTypesTests\SharedTypesTests.csproj", "{62D2FDF1-DE6C-4320-B752-988C91735D26}"
EndProject
Project("{FAE04EC0-301F-11D3-BF4B-00C04F79EFBC}") = "ShoppingListTests", "ShoppingListTests\ShoppingListTests.csproj", "{330B0BF9-593C-41C6-9890-5E9259111232}"
EndProject
Global
	GlobalSection(SolutionConfigurationPlatforms) = preSolution
		Debug|Any CPU = Debug|Any CPU
		Release|Any CPU = Release|Any CPU
	EndGlobalSection
	GlobalSection(ProjectConfigurationPlatforms) = postSolution
		{149DEB6B-E491-41EA-818A-BE4E84165729}.Debug|Any CPU.ActiveCfg = Debug|Any CPU
		{149DEB6B-E491-41EA-818A-BE4E84165729}.Debug|Any CPU.Build.0 = Debug|Any CPU
		{149DEB6B-E491-41EA-818A-BE4E84165729}.Release|Any CPU.ActiveCfg = Release|Any CPU
		{149DEB6B-E491-41EA-818A-BE4E84165729}.Release|Any CPU.Build.0 = Release|Any CPU
		{57BD13B2-BB80-4333-8164-29A4D0A5251F}.Debug|Any CPU.ActiveCfg = Debug|Any CPU
		{57BD13B2-BB80-4333-8164-29A4D0A5251F}.Debug|Any CPU.Build.0 = Debug|Any CPU
		{57BD13B2-BB80-4333-8164-29A4D0A5251F}.Release|Any CPU.ActiveCfg = Release|Any CPU
		{57BD13B2-BB80-4333-8164-29A4D0A5251F}.Release|Any CPU.Build.0 = Release|Any CPU
		{0D1CCC32-0317-4C01-83F7-8F5C831A2CFA}.Debug|Any CPU.ActiveCfg = Debug|Any CPU
		{0D1CCC32-0317-4C01-83F7-8F5C831A2CFA}.Debug|Any CPU.Build.0 = Debug|Any CPU
		{0D1CCC32-0317-4C01-83F7-8F5C831A2CFA}.Release|Any CPU.ActiveCfg = Release|Any CPU
		{0D1CCC32-0317-4C01-83F7-8F5C831A2CFA}.Release|Any CPU.Build.0 = Release|Any CPU
		{598E6737-E108-471A-A84E-A3C3C8916B4C}.Debug|Any CPU.ActiveCfg = Debug|Any CPU
		{598E6737-E108-471A-A84E-A3C3C8916B4C}.Debug|Any CPU.Build.0 = Debug|Any CPU
		{598E6737-E108-471A-A84E-A3C3C8916B4C}.Release|Any CPU.ActiveCfg = Release|Any CPU
		{598E6737-E108-471A-A84E-A3C3C8916B4C}.Release|Any CPU.Build.0 = Release|Any CPU
		{437BB11D-A6FB-4859-9F3A-26567CF1753A}.Debug|Any CPU.ActiveCfg = Debug|Any CPU
		{437BB11D-A6FB-4859-9F3A-26567CF1753A}.Debug|Any CPU.Build.0 = Debug|Any CPU
		{437BB11D-A6FB-4859-9F3A-26567CF1753A}.Release|Any CPU.ActiveCfg = Release|Any CPU
		{437BB11D-A6FB-4859-9F3A-26567CF1753A}.Release|Any CPU.Build.0 = Release|Any CPU
		{FE47AA95-C117-4DF1-A758-A2C2B27A14C1}.Debug|Any CPU.ActiveCfg = Debug|Any CPU
		{FE47AA95-C117-4DF1-A758-A2C2B27A14C1}.Debug|Any CPU.Build.0 = Debug|Any CPU
		{FE47AA95-C117-4DF1-A758-A2C2B27A14C1}.Release|Any CPU.ActiveCfg = Release|Any CPU
		{FE47AA95-C117-4DF1-A758-A2C2B27A14C1}.Release|Any CPU.Build.0 = Release|Any CPU
		{98E6F55A-EFB1-4174-B6A4-71ADB8C36D3E}.Debug|Any CPU.ActiveCfg = Debug|Any CPU
		{98E6F55A-EFB1-4174-B6A4-71ADB8C36D3E}.Debug|Any CPU.Build.0 = Debug|Any CPU
		{98E6F55A-EFB1-4174-B6A4-71ADB8C36D3E}.Release|Any CPU.ActiveCfg = Release|Any CPU
		{98E6F55A-EFB1-4174-B6A4-71ADB8C36D3E}.Release|Any CPU.Build.0 = Release|Any CPU
		{4283FA5B-F8C2-4739-82EB-A853ED7AA8B2}.Debug|Any CPU.ActiveCfg = Debug|Any CPU
		{4283FA5B-F8C2-4739-82EB-A853ED7AA8B2}.Debug|Any CPU.Build.0 = Debug|Any CPU
		{4283FA5B-F8C2-4739-82EB-A853ED7AA8B2}.Release|Any CPU.ActiveCfg = Release|Any CPU
		{4283FA5B-F8C2-4739-82EB-A853ED7AA8B2}.Release|Any CPU.Build.0 = Release|Any CPU
		{95791B36-91B3-42A7-9CCB-EEC4A15248A7}.Debug|Any CPU.ActiveCfg = Debug|Any CPU
		{95791B36-91B3-42A7-9CCB-EEC4A15248A7}.Debug|Any CPU.Build.0 = Debug|Any CPU
		{95791B36-91B3-42A7-9CCB-EEC4A15248A7}.Release|Any CPU.ActiveCfg = Release|Any CPU
		{95791B36-91B3-42A7-9CCB-EEC4A15248A7}.Release|Any CPU.Build.0 = Release|Any CPU
		{62D2FDF1-DE6C-4320-B752-988C91735D26}.Debug|Any CPU.ActiveCfg = Debug|Any CPU
		{62D2FDF1-DE6C-4320-B752-988C91735D26}.Debug|Any CPU.Build.0 = Debug|Any CPU
		{62D2FDF1-DE6C-4320-B752-988C91735D26}.Release|Any CPU.ActiveCfg = Release|Any CPU
		{62D2FDF1-DE6C-4320-B752-988C91735D26}.Release|Any CPU.Build.0 = Release|Any CPU
		{330B0BF9-593C-41C6-9890-5E9259111232}.Debug|Any CPU.ActiveCfg = Debug|Any CPU
		{330B0BF9-593C-41C6-9890-5E9259111232}.Debug|Any CPU.Build.0 = Debug|Any CPU
		{330B0BF9-593C-41C6-9890-5E9259111232}.Release|Any CPU.ActiveCfg = Release|Any CPU
		{330B0BF9-593C-41C6-9890-5E9259111232}.Release|Any CPU.Build.0 = Release|Any CPU
	EndGlobalSection
EndGlobal
