
Microsoft Visual Studio Solution File, Format Version 12.00
Project("{FAE04EC0-301F-11D3-BF4B-00C04F79EFBC}") = "ShoppingList", "ShoppingList\ShoppingList.csproj", "{149DEB6B-E491-41EA-818A-BE4E84165729}"
EndProject
Global
	GlobalSection(SolutionConfigurationPlatforms) = preSolution
		Debug|Any CPU = Debug|Any CPU
		Release|Any CPU = Release|Any CPU
	EndGlobalSection
	GlobalSection(ProjectConfigurationPlatforms) = postSolution
		{149DEB6B-E491-41EA-818A-BE4E84165729}.Debug|Any CPU.ActiveCfg = Debug|Any CPU
		{149DEB6B-E491-41EA-818A-BE4E84165729}.Debug|Any CPU.Build.0 = Debug|Any CPU
		{149DEB6B-E491-41EA-818A-BE4E84165729}.Release|Any CPU.ActiveCfg = Release|Any CPU
		{149DEB6B-E491-41EA-818A-BE4E84165729}.Release|Any CPU.Build.0 = Release|Any CPU
	EndGlobalSection
EndGlobal
